
Microsoft Visual Studio Solution File, Format Version 12.00
# Visual Studio Version 17
VisualStudioVersion = 17.9.34622.214
MinimumVisualStudioVersion = 10.0.40219.1
Project("{9A19103F-16F7-4668-BE54-9A1E7A4F7556}") = "Extellect.Core", "Extellect.Core\Extellect.Core.csproj", "{50486289-9640-4F4E-905D-A8A6D1886FF0}"
EndProject
Project("{FAE04EC0-301F-11D3-BF4B-00C04F79EFBC}") = "Extellect.Core.UnitTests", "Extellect.Core.UnitTests\Extellect.Core.UnitTests.csproj", "{D3CC28E9-BFB6-49D3-B350-442BDEEB7347}"
EndProject
Global
	GlobalSection(SolutionConfigurationPlatforms) = preSolution
		Debug|Any CPU = Debug|Any CPU
		Release|Any CPU = Release|Any CPU
	EndGlobalSection
	GlobalSection(ProjectConfigurationPlatforms) = postSolution
		{50486289-9640-4F4E-905D-A8A6D1886FF0}.Debug|Any CPU.ActiveCfg = Debug|Any CPU
		{50486289-9640-4F4E-905D-A8A6D1886FF0}.Debug|Any CPU.Build.0 = Debug|Any CPU
		{50486289-9640-4F4E-905D-A8A6D1886FF0}.Release|Any CPU.ActiveCfg = Release|Any CPU
		{50486289-9640-4F4E-905D-A8A6D1886FF0}.Release|Any CPU.Build.0 = Release|Any CPU
		{D3CC28E9-BFB6-49D3-B350-442BDEEB7347}.Debug|Any CPU.ActiveCfg = Debug|Any CPU
		{D3CC28E9-BFB6-49D3-B350-442BDEEB7347}.Debug|Any CPU.Build.0 = Debug|Any CPU
		{D3CC28E9-BFB6-49D3-B350-442BDEEB7347}.Release|Any CPU.ActiveCfg = Release|Any CPU
		{D3CC28E9-BFB6-49D3-B350-442BDEEB7347}.Release|Any CPU.Build.0 = Release|Any CPU
	EndGlobalSection
	GlobalSection(SolutionProperties) = preSolution
		HideSolutionNode = FALSE
	EndGlobalSection
	GlobalSection(ExtensibilityGlobals) = postSolution
		SolutionGuid = {B9A6D847-3AF2-49C3-BE8A-774A8234E5EB}
	EndGlobalSection
EndGlobal
